{
    "name": "bible-json",
    "version": "1.0.0",
    "lockfileVersion": 3,
    "requires": true,
    "packages": {
        "": {
            "name": "bible-json",
            "version": "1.0.0",
            "license": "ISC",
            "dependencies": {
                "usfm-parser": "^0.1.6"
            },
            "devDependencies": {},
            "engines": {
                "node": "v20.15.1"
            }
        },
        "node_modules/usfm-parser": {
            "version": "0.1.6",
            "resolved": "https://registry.npmjs.org/usfm-parser/-/usfm-parser-0.1.6.tgz",
            "integrity": "sha512-pMxaqK3huBE0uv6aKlQS0/a/DfLRWAr6fMMbFPco1qOs66w4aYAdnOQibJ03+LW+9pCWASif4ScuSYT9U33X4g==",
            "license": "ISC"
        }
    }
}
