# THIS IS AN AUTOGENERATED FILE. DO NOT EDIT THIS FILE DIRECTLY.
# yarn lockfile v1


usfm-parser@^0.1.6:
  version "0.1.6"
  resolved "https://registry.yarnpkg.com/usfm-parser/-/usfm-parser-0.1.6.tgz#816b59c1dd99fe478a45ebe1b791036457d8da15"
  integrity sha512-pMxaqK3huBE0uv6aKlQS0/a/DfLRWAr6fMMbFPco1qOs66w4aYAdnOQibJ03+LW+9pCWASif4ScuSYT9U33X4g==
